
Microsoft Visual Studio Solution File, Format Version 12.00
# Visual Studio 15
VisualStudioVersion = 15.0.26124.0
MinimumVisualStudioVersion = 15.0.26124.0
Project("{FAE04EC0-301F-11D3-BF4B-00C04F79EFBC}") = "Domain", "Domain\Domain.csproj", "{4C1044E0-8231-473D-8791-5A1A5B97CFFD}"
EndProject
Project("{FAE04EC0-301F-11D3-BF4B-00C04F79EFBC}") = "IOC", "IOC\IOC.csproj", "{7D2CB514-4944-4456-9940-D0A5CBFFED1F}"
EndProject
Project("{FAE04EC0-301F-11D3-BF4B-00C04F79EFBC}") = "Api", "Api\Api.csproj", "{1595A574-D7A0-4EB5-8908-1CB219EB558B}"
EndProject
Project("{FAE04EC0-301F-11D3-BF4B-00C04F79EFBC}") = "Persistence", "Persistence\Persistence.csproj", "{0AFCC3C5-4D48-48A2-9D62-9F56A66A08D5}"
EndProject
Project("{FAE04EC0-301F-11D3-BF4B-00C04F79EFBC}") = "Infrastructure", "Infrastructure\Infrastructure.csproj", "{EA1CAC3D-A045-4F81-9D58-8E2CA0C527A4}"
EndProject
Project("{FAE04EC0-301F-11D3-BF4B-00C04F79EFBC}") = "Application", "Application\Application.csproj", "{04538421-9348-4C17-B262-30AC145484F1}"
EndProject
Project("{FAE04EC0-301F-11D3-BF4B-00C04F79EFBC}") = "Common", "Common\Common.csproj", "{13B098E7-66CB-4EFA-92DE-DE8203569A91}"
EndProject
Global
	GlobalSection(SolutionConfigurationPlatforms) = preSolution
		Debug|Any CPU = Debug|Any CPU
		Debug|x64 = Debug|x64
		Debug|x86 = Debug|x86
		Release|Any CPU = Release|Any CPU
		Release|x64 = Release|x64
		Release|x86 = Release|x86
	EndGlobalSection
	GlobalSection(SolutionProperties) = preSolution
		HideSolutionNode = FALSE
	EndGlobalSection
	GlobalSection(ProjectConfigurationPlatforms) = postSolution
		{4C1044E0-8231-473D-8791-5A1A5B97CFFD}.Debug|Any CPU.ActiveCfg = Debug|Any CPU
		{4C1044E0-8231-473D-8791-5A1A5B97CFFD}.Debug|Any CPU.Build.0 = Debug|Any CPU
		{4C1044E0-8231-473D-8791-5A1A5B97CFFD}.Debug|x64.ActiveCfg = Debug|Any CPU
		{4C1044E0-8231-473D-8791-5A1A5B97CFFD}.Debug|x64.Build.0 = Debug|Any CPU
		{4C1044E0-8231-473D-8791-5A1A5B97CFFD}.Debug|x86.ActiveCfg = Debug|Any CPU
		{4C1044E0-8231-473D-8791-5A1A5B97CFFD}.Debug|x86.Build.0 = Debug|Any CPU
		{4C1044E0-8231-473D-8791-5A1A5B97CFFD}.Release|Any CPU.ActiveCfg = Release|Any CPU
		{4C1044E0-8231-473D-8791-5A1A5B97CFFD}.Release|Any CPU.Build.0 = Release|Any CPU
		{4C1044E0-8231-473D-8791-5A1A5B97CFFD}.Release|x64.ActiveCfg = Release|Any CPU
		{4C1044E0-8231-473D-8791-5A1A5B97CFFD}.Release|x64.Build.0 = Release|Any CPU
		{4C1044E0-8231-473D-8791-5A1A5B97CFFD}.Release|x86.ActiveCfg = Release|Any CPU
		{4C1044E0-8231-473D-8791-5A1A5B97CFFD}.Release|x86.Build.0 = Release|Any CPU
		{7D2CB514-4944-4456-9940-D0A5CBFFED1F}.Debug|Any CPU.ActiveCfg = Debug|Any CPU
		{7D2CB514-4944-4456-9940-D0A5CBFFED1F}.Debug|Any CPU.Build.0 = Debug|Any CPU
		{7D2CB514-4944-4456-9940-D0A5CBFFED1F}.Debug|x64.ActiveCfg = Debug|Any CPU
		{7D2CB514-4944-4456-9940-D0A5CBFFED1F}.Debug|x64.Build.0 = Debug|Any CPU
		{7D2CB514-4944-4456-9940-D0A5CBFFED1F}.Debug|x86.ActiveCfg = Debug|Any CPU
		{7D2CB514-4944-4456-9940-D0A5CBFFED1F}.Debug|x86.Build.0 = Debug|Any CPU
		{7D2CB514-4944-4456-9940-D0A5CBFFED1F}.Release|Any CPU.ActiveCfg = Release|Any CPU
		{7D2CB514-4944-4456-9940-D0A5CBFFED1F}.Release|Any CPU.Build.0 = Release|Any CPU
		{7D2CB514-4944-4456-9940-D0A5CBFFED1F}.Release|x64.ActiveCfg = Release|Any CPU
		{7D2CB514-4944-4456-9940-D0A5CBFFED1F}.Release|x64.Build.0 = Release|Any CPU
		{7D2CB514-4944-4456-9940-D0A5CBFFED1F}.Release|x86.ActiveCfg = Release|Any CPU
		{7D2CB514-4944-4456-9940-D0A5CBFFED1F}.Release|x86.Build.0 = Release|Any CPU
		{1595A574-D7A0-4EB5-8908-1CB219EB558B}.Debug|Any CPU.ActiveCfg = Debug|Any CPU
		{1595A574-D7A0-4EB5-8908-1CB219EB558B}.Debug|Any CPU.Build.0 = Debug|Any CPU
		{1595A574-D7A0-4EB5-8908-1CB219EB558B}.Debug|x64.ActiveCfg = Debug|Any CPU
		{1595A574-D7A0-4EB5-8908-1CB219EB558B}.Debug|x64.Build.0 = Debug|Any CPU
		{1595A574-D7A0-4EB5-8908-1CB219EB558B}.Debug|x86.ActiveCfg = Debug|Any CPU
		{1595A574-D7A0-4EB5-8908-1CB219EB558B}.Debug|x86.Build.0 = Debug|Any CPU
		{1595A574-D7A0-4EB5-8908-1CB219EB558B}.Release|Any CPU.ActiveCfg = Release|Any CPU
		{1595A574-D7A0-4EB5-8908-1CB219EB558B}.Release|Any CPU.Build.0 = Release|Any CPU
		{1595A574-D7A0-4EB5-8908-1CB219EB558B}.Release|x64.ActiveCfg = Release|Any CPU
		{1595A574-D7A0-4EB5-8908-1CB219EB558B}.Release|x64.Build.0 = Release|Any CPU
		{1595A574-D7A0-4EB5-8908-1CB219EB558B}.Release|x86.ActiveCfg = Release|Any CPU
		{1595A574-D7A0-4EB5-8908-1CB219EB558B}.Release|x86.Build.0 = Release|Any CPU
		{0AFCC3C5-4D48-48A2-9D62-9F56A66A08D5}.Debug|Any CPU.ActiveCfg = Debug|Any CPU
		{0AFCC3C5-4D48-48A2-9D62-9F56A66A08D5}.Debug|Any CPU.Build.0 = Debug|Any CPU
		{0AFCC3C5-4D48-48A2-9D62-9F56A66A08D5}.Debug|x64.ActiveCfg = Debug|Any CPU
		{0AFCC3C5-4D48-48A2-9D62-9F56A66A08D5}.Debug|x64.Build.0 = Debug|Any CPU
		{0AFCC3C5-4D48-48A2-9D62-9F56A66A08D5}.Debug|x86.ActiveCfg = Debug|Any CPU
		{0AFCC3C5-4D48-48A2-9D62-9F56A66A08D5}.Debug|x86.Build.0 = Debug|Any CPU
		{0AFCC3C5-4D48-48A2-9D62-9F56A66A08D5}.Release|Any CPU.ActiveCfg = Release|Any CPU
		{0AFCC3C5-4D48-48A2-9D62-9F56A66A08D5}.Release|Any CPU.Build.0 = Release|Any CPU
		{0AFCC3C5-4D48-48A2-9D62-9F56A66A08D5}.Release|x64.ActiveCfg = Release|Any CPU
		{0AFCC3C5-4D48-48A2-9D62-9F56A66A08D5}.Release|x64.Build.0 = Release|Any CPU
		{0AFCC3C5-4D48-48A2-9D62-9F56A66A08D5}.Release|x86.ActiveCfg = Release|Any CPU
		{0AFCC3C5-4D48-48A2-9D62-9F56A66A08D5}.Release|x86.Build.0 = Release|Any CPU
		{EA1CAC3D-A045-4F81-9D58-8E2CA0C527A4}.Debug|Any CPU.ActiveCfg = Debug|Any CPU
		{EA1CAC3D-A045-4F81-9D58-8E2CA0C527A4}.Debug|Any CPU.Build.0 = Debug|Any CPU
		{EA1CAC3D-A045-4F81-9D58-8E2CA0C527A4}.Debug|x64.ActiveCfg = Debug|Any CPU
		{EA1CAC3D-A045-4F81-9D58-8E2CA0C527A4}.Debug|x64.Build.0 = Debug|Any CPU
		{EA1CAC3D-A045-4F81-9D58-8E2CA0C527A4}.Debug|x86.ActiveCfg = Debug|Any CPU
		{EA1CAC3D-A045-4F81-9D58-8E2CA0C527A4}.Debug|x86.Build.0 = Debug|Any CPU
		{EA1CAC3D-A045-4F81-9D58-8E2CA0C527A4}.Release|Any CPU.ActiveCfg = Release|Any CPU
		{EA1CAC3D-A045-4F81-9D58-8E2CA0C527A4}.Release|Any CPU.Build.0 = Release|Any CPU
		{EA1CAC3D-A045-4F81-9D58-8E2CA0C527A4}.Release|x64.ActiveCfg = Release|Any CPU
		{EA1CAC3D-A045-4F81-9D58-8E2CA0C527A4}.Release|x64.Build.0 = Release|Any CPU
		{EA1CAC3D-A045-4F81-9D58-8E2CA0C527A4}.Release|x86.ActiveCfg = Release|Any CPU
		{EA1CAC3D-A045-4F81-9D58-8E2CA0C527A4}.Release|x86.Build.0 = Release|Any CPU
		{04538421-9348-4C17-B262-30AC145484F1}.Debug|Any CPU.ActiveCfg = Debug|Any CPU
		{04538421-9348-4C17-B262-30AC145484F1}.Debug|Any CPU.Build.0 = Debug|Any CPU
		{04538421-9348-4C17-B262-30AC145484F1}.Debug|x64.ActiveCfg = Debug|Any CPU
		{04538421-9348-4C17-B262-30AC145484F1}.Debug|x64.Build.0 = Debug|Any CPU
		{04538421-9348-4C17-B262-30AC145484F1}.Debug|x86.ActiveCfg = Debug|Any CPU
		{04538421-9348-4C17-B262-30AC145484F1}.Debug|x86.Build.0 = Debug|Any CPU
		{04538421-9348-4C17-B262-30AC145484F1}.Release|Any CPU.ActiveCfg = Release|Any CPU
		{04538421-9348-4C17-B262-30AC145484F1}.Release|Any CPU.Build.0 = Release|Any CPU
		{04538421-9348-4C17-B262-30AC145484F1}.Release|x64.ActiveCfg = Release|Any CPU
		{04538421-9348-4C17-B262-30AC145484F1}.Release|x64.Build.0 = Release|Any CPU
		{04538421-9348-4C17-B262-30AC145484F1}.Release|x86.ActiveCfg = Release|Any CPU
		{04538421-9348-4C17-B262-30AC145484F1}.Release|x86.Build.0 = Release|Any CPU
		{13B098E7-66CB-4EFA-92DE-DE8203569A91}.Debug|Any CPU.ActiveCfg = Debug|Any CPU
		{13B098E7-66CB-4EFA-92DE-DE8203569A91}.Debug|Any CPU.Build.0 = Debug|Any CPU
		{13B098E7-66CB-4EFA-92DE-DE8203569A91}.Debug|x64.ActiveCfg = Debug|Any CPU
		{13B098E7-66CB-4EFA-92DE-DE8203569A91}.Debug|x64.Build.0 = Debug|Any CPU
		{13B098E7-66CB-4EFA-92DE-DE8203569A91}.Debug|x86.ActiveCfg = Debug|Any CPU
		{13B098E7-66CB-4EFA-92DE-DE8203569A91}.Debug|x86.Build.0 = Debug|Any CPU
		{13B098E7-66CB-4EFA-92DE-DE8203569A91}.Release|Any CPU.ActiveCfg = Release|Any CPU
		{13B098E7-66CB-4EFA-92DE-DE8203569A91}.Release|Any CPU.Build.0 = Release|Any CPU
		{13B098E7-66CB-4EFA-92DE-DE8203569A91}.Release|x64.ActiveCfg = Release|Any CPU
		{13B098E7-66CB-4EFA-92DE-DE8203569A91}.Release|x64.Build.0 = Release|Any CPU
		{13B098E7-66CB-4EFA-92DE-DE8203569A91}.Release|x86.ActiveCfg = Release|Any CPU
		{13B098E7-66CB-4EFA-92DE-DE8203569A91}.Release|x86.Build.0 = Release|Any CPU
	EndGlobalSection
EndGlobal
